
Microsoft Visual Studio Solution File, Format Version 12.00
# Visual Studio 15
Project("{FAE04EC0-301F-11D3-BF4B-00C04F79EFBC}") = "Assembly-CSharp", "Assembly-CSharp.csproj", "{1F6B95A6-99D0-2ED8-5815-581666FE3519}"
EndProject
Project("{FAE04EC0-301F-11D3-BF4B-00C04F79EFBC}") = "Ink-Libraries", "Ink-Libraries.csproj", "{C14C4CED-1623-EAB2-9087-739A89D4CE96}"
EndProject
Project("{FAE04EC0-301F-11D3-BF4B-00C04F79EFBC}") = "InkEditor", "InkEditor.csproj", "{7C6FC11A-5E8B-56DB-D01F-03ADBD9399BE}"
EndProject
Project("{FAE04EC0-301F-11D3-BF4B-00C04F79EFBC}") = "Assembly-CSharp-Editor", "Assembly-CSharp-Editor.csproj", "{2E430003-AB78-F617-0EFA-92CB7509A42F}"
EndProject
Global
	GlobalSection(SolutionConfigurationPlatforms) = preSolution
		Debug|Any CPU = Debug|Any CPU
		Release|Any CPU = Release|Any CPU
	EndGlobalSection
	GlobalSection(ProjectConfigurationPlatforms) = postSolution
		{1F6B95A6-99D0-2ED8-5815-581666FE3519}.Debug|Any CPU.ActiveCfg = Debug|Any CPU
		{1F6B95A6-99D0-2ED8-5815-581666FE3519}.Debug|Any CPU.Build.0 = Debug|Any CPU
		{1F6B95A6-99D0-2ED8-5815-581666FE3519}.Release|Any CPU.ActiveCfg = Release|Any CPU
		{1F6B95A6-99D0-2ED8-5815-581666FE3519}.Release|Any CPU.Build.0 = Release|Any CPU
		{C14C4CED-1623-EAB2-9087-739A89D4CE96}.Debug|Any CPU.ActiveCfg = Debug|Any CPU
		{C14C4CED-1623-EAB2-9087-739A89D4CE96}.Debug|Any CPU.Build.0 = Debug|Any CPU
		{C14C4CED-1623-EAB2-9087-739A89D4CE96}.Release|Any CPU.ActiveCfg = Release|Any CPU
		{C14C4CED-1623-EAB2-9087-739A89D4CE96}.Release|Any CPU.Build.0 = Release|Any CPU
		{7C6FC11A-5E8B-56DB-D01F-03ADBD9399BE}.Debug|Any CPU.ActiveCfg = Debug|Any CPU
		{7C6FC11A-5E8B-56DB-D01F-03ADBD9399BE}.Debug|Any CPU.Build.0 = Debug|Any CPU
		{7C6FC11A-5E8B-56DB-D01F-03ADBD9399BE}.Release|Any CPU.ActiveCfg = Release|Any CPU
		{7C6FC11A-5E8B-56DB-D01F-03ADBD9399BE}.Release|Any CPU.Build.0 = Release|Any CPU
		{2E430003-AB78-F617-0EFA-92CB7509A42F}.Debug|Any CPU.ActiveCfg = Debug|Any CPU
		{2E430003-AB78-F617-0EFA-92CB7509A42F}.Debug|Any CPU.Build.0 = Debug|Any CPU
		{2E430003-AB78-F617-0EFA-92CB7509A42F}.Release|Any CPU.ActiveCfg = Release|Any CPU
		{2E430003-AB78-F617-0EFA-92CB7509A42F}.Release|Any CPU.Build.0 = Release|Any CPU
	EndGlobalSection
	GlobalSection(SolutionProperties) = preSolution
		HideSolutionNode = FALSE
	EndGlobalSection
EndGlobal
